<?xml version="1.0" encoding="utf-8"?>
<Project ToolsVersion="4.0" xmlns="http://schemas.microsoft.com/developer/msbuild/2003">
  <ItemGroup>
    <Filter Include="Source Files">
      <UniqueIdentifier>{4FC737F1-C7A5-4376-A066-2A32D752A2FF}</UniqueIdentifier>
      <Extensions>cpp;c;cc;cxx;c++;cppm;ixx;def;odl;idl;hpj;bat;asm;asmx</Extensions>
    </Filter>
    <Filter Include="Header Files">
      <UniqueIdentifier>{93995380-89BD-4b04-88EB-625FBE52EBFB}</UniqueIdentifier>
      <Extensions>h;hh;hpp;hxx;h++;hm;inl;inc;ipp;xsd</Extensions>
    </Filter>
    <Filter Include="Resource Files">
      <UniqueIdentifier>{67DA6AB6-F800-4c08-8B7A-83BB121AAD01}</UniqueIdentifier>
      <Extensions>rc;ico;cur;bmp;dlg;rc2;rct;bin;rgs;gif;jpg;jpeg;jpe;resx;tiff;tif;png;wav;mfcribbon-ms</Extensions>
    </Filter>
    <Filter Include="Shaders">
      <UniqueIdentifier>{74acac93-d76a-40ea-8a52-e5d908b96f73}</UniqueIdentifier>
    </Filter>
    <Filter Include="Yet To Be Implimented">
      <UniqueIdentifier>{429ad099-e76f-44aa-a8a5-cb1680ee281d}</UniqueIdentifier>
    </Filter>
  </ItemGroup>
  <ItemGroup>
    <ClCompile Include="main.cpp">
      <Filter>Source Files</Filter>
    </ClCompile>
    <ClCompile Include="ShaderLoader.cpp">
      <Filter>Source Files</Filter>
    </ClCompile>
    <ClCompile Include="CCamera.cpp">
      <Filter>Source Files</Filter>
    </ClCompile>
    <ClCompile Include="CGameManager.cpp">
      <Filter>Source Files</Filter>
    </ClCompile>
    <ClCompile Include="CTESTQUADSHAPE.cpp">
      <Filter>Source Files</Filter>
    </ClCompile>
    <ClCompile Include="CHexagon.cpp">
      <Filter>Yet To Be Implimented</Filter>
    </ClCompile>
    <ClCompile Include="CQuad.cpp">
      <Filter>Yet To Be Implimented</Filter>
    </ClCompile>
    <ClCompile Include="CShape.cpp">
      <Filter>Yet To Be Implimented</Filter>
    </ClCompile>
    <ClCompile Include="CShapeHex.cpp">
      <Filter>Source Files</Filter>
    </ClCompile>
    <ClCompile Include="CShapeQuad.cpp">
      <Filter>Source Files</Filter>
    </ClCompile>
    <ClCompile Include="CTextureLoader.cpp">
      <Filter>Source Files</Filter>
    </ClCompile>
  </ItemGroup>
  <ItemGroup>
    <None Include="Resources\Shaders\FixedTriangle.vs">
      <Filter>Shaders</Filter>
    </None>
    <None Include="Resources\Shaders\FixedColor.fs">
      <Filter>Shaders</Filter>
    </None>
    <None Include="Resources\Shaders\PositionOnly.vs">
      <Filter>Shaders</Filter>
    </None>
    <None Include="Resources\Shaders\VertexColor.vs">
      <Filter>Shaders</Filter>
    </None>
    <None Include="Resources\Shaders\VertexColor.fs">
      <Filter>Shaders</Filter>
    </None>
    <None Include="Resources\Shaders\VertexColorFade.fs">
      <Filter>Shaders</Filter>
    </None>
    <None Include="Resources\Shaders\NDC_Texture.vs">
      <Filter>Shaders</Filter>
    </None>
    <None Include="Resources\Shaders\Texture.fs">
      <Filter>Shaders</Filter>
    </None>
    <None Include="Resources\Shaders\TextureMix.fs">
      <Filter>Shaders</Filter>
    </None>
    <None Include="Resources\Shaders\WorldSpace.vs">
      <Filter>Shaders</Filter>
    </None>
    <None Include="Resources\Shaders\ClipSpace.vs">
      <Filter>Shaders</Filter>
    </None>
  </ItemGroup>
  <ItemGroup>
    <ClInclude Include="ShaderLoader.h">
      <Filter>Header Files</Filter>
    </ClInclude>
    <ClInclude Include="CCamera.h">
      <Filter>Header Files</Filter>
    </ClInclude>
    <ClInclude Include="CGameManager.h">
      <Filter>Header Files</Filter>
    </ClInclude>
    <ClInclude Include="CTESTQUADSHAPE.h">
      <Filter>Header Files</Filter>
    </ClInclude>
    <ClInclude Include="CHexagon.h">
      <Filter>Yet To Be Implimented</Filter>
    </ClInclude>
    <ClInclude Include="CQuad.h">
      <Filter>Yet To Be Implimented</Filter>
    </ClInclude>
    <ClInclude Include="CShape.h">
      <Filter>Yet To Be Implimented</Filter>
    </ClInclude>
    <ClInclude Include="CShapeHex.h">
      <Filter>Header Files</Filter>
    </ClInclude>
    <ClInclude Include="CShapeQuad.h">
      <Filter>Header Files</Filter>
    </ClInclude>
    <ClInclude Include="CTextureLoader.h">
      <Filter>Header Files</Filter>
    </ClInclude>
  </ItemGroup>
</Project>